
Microsoft Visual Studio Solution File, Format Version 12.00
# Visual Studio Version 16
VisualStudioVersion = 16.0.31205.134
MinimumVisualStudioVersion = 10.0.40219.1
Project("{9A19103F-16F7-4668-BE54-9A1E7A4F7556}") = "CFA", "CFA\CFA.csproj", "{4DD16647-C2C7-4DA0-86A5-38108C659DEE}"
EndProject
Project("{9A19103F-16F7-4668-BE54-9A1E7A4F7556}") = "CFAEntities", "CFAEntities\CFAEntities.csproj", "{BBA6A559-B123-4BE1-B244-F839D1E0A010}"
EndProject
Project("{9A19103F-16F7-4668-BE54-9A1E7A4F7556}") = "ViewEntities", "ViewEntities\ViewEntities.csproj", "{766CF083-3A2F-4993-B05B-F77207C6614A}"
EndProject
Project("{FAE04EC0-301F-11D3-BF4B-00C04F79EFBC}") = "TestCFA", "TestCFA\TestCFA.csproj", "{70986EDE-327D-42B1-B166-1641C4F4EC94}"
EndProject
Global
	GlobalSection(SolutionConfigurationPlatforms) = preSolution
		Debug|Any CPU = Debug|Any CPU
		Release|Any CPU = Release|Any CPU
	EndGlobalSection
	GlobalSection(ProjectConfigurationPlatforms) = postSolution
		{4DD16647-C2C7-4DA0-86A5-38108C659DEE}.Debug|Any CPU.ActiveCfg = Debug|Any CPU
		{4DD16647-C2C7-4DA0-86A5-38108C659DEE}.Debug|Any CPU.Build.0 = Debug|Any CPU
		{4DD16647-C2C7-4DA0-86A5-38108C659DEE}.Release|Any CPU.ActiveCfg = Release|Any CPU
		{4DD16647-C2C7-4DA0-86A5-38108C659DEE}.Release|Any CPU.Build.0 = Release|Any CPU
		{BBA6A559-B123-4BE1-B244-F839D1E0A010}.Debug|Any CPU.ActiveCfg = Debug|Any CPU
		{BBA6A559-B123-4BE1-B244-F839D1E0A010}.Debug|Any CPU.Build.0 = Debug|Any CPU
		{BBA6A559-B123-4BE1-B244-F839D1E0A010}.Release|Any CPU.ActiveCfg = Release|Any CPU
		{BBA6A559-B123-4BE1-B244-F839D1E0A010}.Release|Any CPU.Build.0 = Release|Any CPU
		{766CF083-3A2F-4993-B05B-F77207C6614A}.Debug|Any CPU.ActiveCfg = Debug|Any CPU
		{766CF083-3A2F-4993-B05B-F77207C6614A}.Debug|Any CPU.Build.0 = Debug|Any CPU
		{766CF083-3A2F-4993-B05B-F77207C6614A}.Release|Any CPU.ActiveCfg = Release|Any CPU
		{766CF083-3A2F-4993-B05B-F77207C6614A}.Release|Any CPU.Build.0 = Release|Any CPU
		{70986EDE-327D-42B1-B166-1641C4F4EC94}.Debug|Any CPU.ActiveCfg = Debug|Any CPU
		{70986EDE-327D-42B1-B166-1641C4F4EC94}.Debug|Any CPU.Build.0 = Debug|Any CPU
		{70986EDE-327D-42B1-B166-1641C4F4EC94}.Release|Any CPU.ActiveCfg = Release|Any CPU
		{70986EDE-327D-42B1-B166-1641C4F4EC94}.Release|Any CPU.Build.0 = Release|Any CPU
	EndGlobalSection
	GlobalSection(SolutionProperties) = preSolution
		HideSolutionNode = FALSE
	EndGlobalSection
	GlobalSection(ExtensibilityGlobals) = postSolution
		SolutionGuid = {C5870D8E-758E-4A09-85E4-682620E2BC8F}
	EndGlobalSection
EndGlobal
